<?xml version="1.0" encoding="UTF-8" standalone="yes" ?>
<CodeBlocks_project_file>
	<FileVersion major="1" minor="6" />
	<Project>
		<Option title="ProjetFrogger" />
		<Option pch_mode="2" />
		<Option compiler="gcc" />
		<Build>
			<Target title="Debug">
				<Option output="bin/Debug/ProjetFrogger" prefix_auto="1" extension_auto="1" />
				<Option working_dir="../ProjetFrogger" />
				<Option object_output="obj/Debug/" />
				<Option type="1" />
				<Option compiler="gcc" />
				<Compiler>
					<Add option="-g" />
					<Add directory="include" />
					<Add directory="include/View" />
				</Compiler>
				<ResourceCompiler>
					<Add directory="SFML-2.5.1/bin" />
				</ResourceCompiler>
				<Linker>
					<Add library="sfml-graphics-d" />
					<Add library="sfml-window-d" />
					<Add library="sfml-system-d" />
				</Linker>
			</Target>
			<Target title="Release">
				<Option output="bin/Release/ProjetFrogger" prefix_auto="1" extension_auto="1" />
				<Option object_output="obj/Release/" />
				<Option type="0" />
				<Option compiler="gcc" />
				<Compiler>
					<Add option="-O2" />
					<Add directory="include" />
					<Add directory="include/View" />
				</Compiler>
				<Linker>
					<Add option="-s" />
					<Add library="sfml-graphics" />
					<Add library="sfml-window" />
					<Add library="sfml-system" />
				</Linker>
			</Target>
		</Build>
		<Compiler>
			<Add option="-Wall" />
			<Add directory="SFML-2.5.1/include" />
		</Compiler>
		<Linker>
			<Add library="mingw32" />
			<Add library="user32" />
			<Add library="gdi32" />
			<Add library="winmm" />
			<Add library="dxguid" />
			<Add directory="SFML-2.5.1/lib" />
		</Linker>
		<Unit filename="cb.bmp" />
		<Unit filename="include/Model/Car.h" />
		<Unit filename="include/Model/Player.h" />
		<Unit filename="include/View/Avatar.h" />
		<Unit filename="include/View/Beer" />
		<Unit filename="include/View/Beer.h" />
		<Unit filename="include/View/ContextMovingState.h" />
		<Unit filename="include/View/GameBoard.h" />
		<Unit filename="include/View/GameMenu.h" />
		<Unit filename="include/View/Life.h" />
		<Unit filename="include/View/MovingState.h" />
		<Unit filename="include/View/MovingStateAlive.h" />
		<Unit filename="include/View/MovingStateDead.h" />
		<Unit filename="include/View/MovingStateWin.h" />
		<Unit filename="include/View/Obstacle.h" />
		<Unit filename="include/View/Render.h" />
		<Unit filename="include/èuy" />
		<Unit filename="main.cpp" />
		<Unit filename="src/Model/Car.cpp" />
		<Unit filename="src/Model/Player.cpp" />
		<Unit filename="src/View/Avatar.cpp" />
		<Unit filename="src/View/Beer" />
		<Unit filename="src/View/Beer.cpp" />
		<Unit filename="src/View/ContextMovingState.cpp" />
		<Unit filename="src/View/GameBoard.cpp" />
		<Unit filename="src/View/GameMenu.cpp" />
		<Unit filename="src/View/Life.cpp" />
		<Unit filename="src/View/MovingState.cpp" />
		<Unit filename="src/View/MovingStateAlive.cpp" />
		<Unit filename="src/View/MovingStateDead.cpp" />
		<Unit filename="src/View/MovingStateWin.cpp" />
		<Unit filename="src/View/Obstacle.cpp" />
		<Unit filename="src/View/Render.cpp" />
		<Unit filename="src/View/menuEndGame.cpp" />
		<Unit filename="src/èuy" />
		<Extensions />
	</Project>
</CodeBlocks_project_file>
